
Microsoft Visual Studio Solution File, Format Version 12.00
Project("{F2A71F9B-5D33-465A-A702-920D77279786}") = "AoC_2021", "AoC_2021\AoC_2021.fsproj", "{218D2E75-A02C-4E37-9C40-1C55EDA14F87}"
EndProject
Project("{F2A71F9B-5D33-465A-A702-920D77279786}") = "AoC_2022", "AoC_2022\AoC_2022.fsproj", "{10E4D329-1DC7-405D-A0D2-705746FABABE}"
EndProject
Project("{F2A71F9B-5D33-465A-A702-920D77279786}") = "AoC_2015", "AoC_2015\AoC_2015.fsproj", "{E52D98B8-B653-4CA8-A8A5-0D65CEE4FB98}"
EndProject
Project("{F2A71F9B-5D33-465A-A702-920D77279786}") = "AoC_2023", "AoC_2023\AoC_2023.fsproj", "{FDB434A2-9198-4DA9-9898-7251599B67B8}"
EndProject
Project("{F2A71F9B-5D33-465A-A702-920D77279786}") = "AoC_2024", "AoC_2024\AoC_2024.fsproj", "{1DB1745A-E280-4827-AF30-574EB0698EDB}"
EndProject
Project("{F2A71F9B-5D33-465A-A702-920D77279786}") = "AoC_2025", "AoC_2025\AoC_2025.fsproj", "{B2E9B98E-44B4-4D16-B797-51446AA27C8A}"
EndProject
Global
	GlobalSection(SolutionConfigurationPlatforms) = preSolution
		Debug|Any CPU = Debug|Any CPU
		Release|Any CPU = Release|Any CPU
	EndGlobalSection
	GlobalSection(ProjectConfigurationPlatforms) = postSolution
		{218D2E75-A02C-4E37-9C40-1C55EDA14F87}.Debug|Any CPU.ActiveCfg = Debug|Any CPU
		{218D2E75-A02C-4E37-9C40-1C55EDA14F87}.Debug|Any CPU.Build.0 = Debug|Any CPU
		{218D2E75-A02C-4E37-9C40-1C55EDA14F87}.Release|Any CPU.ActiveCfg = Release|Any CPU
		{218D2E75-A02C-4E37-9C40-1C55EDA14F87}.Release|Any CPU.Build.0 = Release|Any CPU
		{10E4D329-1DC7-405D-A0D2-705746FABABE}.Debug|Any CPU.ActiveCfg = Debug|Any CPU
		{10E4D329-1DC7-405D-A0D2-705746FABABE}.Debug|Any CPU.Build.0 = Debug|Any CPU
		{10E4D329-1DC7-405D-A0D2-705746FABABE}.Release|Any CPU.ActiveCfg = Release|Any CPU
		{10E4D329-1DC7-405D-A0D2-705746FABABE}.Release|Any CPU.Build.0 = Release|Any CPU
		{E52D98B8-B653-4CA8-A8A5-0D65CEE4FB98}.Debug|Any CPU.ActiveCfg = Debug|Any CPU
		{E52D98B8-B653-4CA8-A8A5-0D65CEE4FB98}.Debug|Any CPU.Build.0 = Debug|Any CPU
		{E52D98B8-B653-4CA8-A8A5-0D65CEE4FB98}.Release|Any CPU.ActiveCfg = Release|Any CPU
		{E52D98B8-B653-4CA8-A8A5-0D65CEE4FB98}.Release|Any CPU.Build.0 = Release|Any CPU
		{FDB434A2-9198-4DA9-9898-7251599B67B8}.Debug|Any CPU.ActiveCfg = Debug|Any CPU
		{FDB434A2-9198-4DA9-9898-7251599B67B8}.Debug|Any CPU.Build.0 = Debug|Any CPU
		{FDB434A2-9198-4DA9-9898-7251599B67B8}.Release|Any CPU.ActiveCfg = Release|Any CPU
		{FDB434A2-9198-4DA9-9898-7251599B67B8}.Release|Any CPU.Build.0 = Release|Any CPU
		{1DB1745A-E280-4827-AF30-574EB0698EDB}.Debug|Any CPU.ActiveCfg = Debug|Any CPU
		{1DB1745A-E280-4827-AF30-574EB0698EDB}.Debug|Any CPU.Build.0 = Debug|Any CPU
		{1DB1745A-E280-4827-AF30-574EB0698EDB}.Release|Any CPU.ActiveCfg = Release|Any CPU
		{1DB1745A-E280-4827-AF30-574EB0698EDB}.Release|Any CPU.Build.0 = Release|Any CPU
		{B2E9B98E-44B4-4D16-B797-51446AA27C8A}.Debug|Any CPU.ActiveCfg = Debug|Any CPU
		{B2E9B98E-44B4-4D16-B797-51446AA27C8A}.Debug|Any CPU.Build.0 = Debug|Any CPU
		{B2E9B98E-44B4-4D16-B797-51446AA27C8A}.Release|Any CPU.ActiveCfg = Release|Any CPU
		{B2E9B98E-44B4-4D16-B797-51446AA27C8A}.Release|Any CPU.Build.0 = Release|Any CPU
	EndGlobalSection
EndGlobal
